
Microsoft Visual Studio Solution File, Format Version 12.00
# Visual Studio Version 16
VisualStudioVersion = 16.0.808.2
MinimumVisualStudioVersion = 10.0.40219.1
Project("{FAE04EC0-301F-11D3-BF4B-00C04F79EFBC}") = "AlbumAndPhoto", "AlbumAndPhoto\AlbumAndPhoto.csproj", "{F55BDD2B-F5D7-41CD-96C7-731C4A01E031}"
EndProject
Global
	GlobalSection(SolutionConfigurationPlatforms) = preSolution
		Debug|Any CPU = Debug|Any CPU
		Release|Any CPU = Release|Any CPU
	EndGlobalSection
	GlobalSection(ProjectConfigurationPlatforms) = postSolution
		{F55BDD2B-F5D7-41CD-96C7-731C4A01E031}.Debug|Any CPU.ActiveCfg = Debug|Any CPU
		{F55BDD2B-F5D7-41CD-96C7-731C4A01E031}.Debug|Any CPU.Build.0 = Debug|Any CPU
		{F55BDD2B-F5D7-41CD-96C7-731C4A01E031}.Release|Any CPU.ActiveCfg = Release|Any CPU
		{F55BDD2B-F5D7-41CD-96C7-731C4A01E031}.Release|Any CPU.Build.0 = Release|Any CPU
	EndGlobalSection
	GlobalSection(SolutionProperties) = preSolution
		HideSolutionNode = FALSE
	EndGlobalSection
	GlobalSection(ExtensibilityGlobals) = postSolution
		SolutionGuid = {B4E6CC44-E631-4201-B22A-23D0E134755C}
	EndGlobalSection
EndGlobal
